
Microsoft Visual Studio Solution File, Format Version 12.00
# Visual Studio Version 16
VisualStudioVersion = 16.0.29519.87
MinimumVisualStudioVersion = 10.0.40219.1
Project("{888888A0-9F3D-457C-B088-3A5042F75D52}") = "Renee", "Renee.pyproj", "{4A5DDE73-82EC-41D6-99A5-95082A512FCE}"
EndProject
Global
	GlobalSection(SolutionConfigurationPlatforms) = preSolution
		Debug|Any CPU = Debug|Any CPU
		Release|Any CPU = Release|Any CPU
	EndGlobalSection
	GlobalSection(ProjectConfigurationPlatforms) = postSolution
		{4A5DDE73-82EC-41D6-99A5-95082A512FCE}.Debug|Any CPU.ActiveCfg = Debug|Any CPU
		{4A5DDE73-82EC-41D6-99A5-95082A512FCE}.Release|Any CPU.ActiveCfg = Release|Any CPU
	EndGlobalSection
	GlobalSection(SolutionProperties) = preSolution
		HideSolutionNode = FALSE
	EndGlobalSection
	GlobalSection(ExtensibilityGlobals) = postSolution
		SolutionGuid = {60A1BF6A-532F-439E-8763-F2D24CE90D6C}
	EndGlobalSection
EndGlobal
